// !$*UTF8*$!
{
	archiveVersion = 1;
	classes = {
	};
	objectVersion = 46;
	objects = {

/* Begin PBXBuildFile section */
		6495318F1A5DF71300185E02 /* AppDelegate.swift in Sources */ = {isa = PBXBuildFile; fileRef = 6495318E1A5DF71300185E02 /* AppDelegate.swift */; };
		649531931A5DF71300185E02 /* Images.xcassets in Resources */ = {isa = PBXBuildFile; fileRef = 649531921A5DF71300185E02 /* Images.xcassets */; };
		649531961A5DF71400185E02 /* Main.storyboard in Resources */ = {isa = PBXBuildFile; fileRef = 649531941A5DF71400185E02 /* Main.storyboard */; };
		649531A21A5DF71500185E02 /* Ruby_LauncherTests.swift in Sources */ = {isa = PBXBuildFile; fileRef = 649531A11A5DF71500185E02 /* Ruby_LauncherTests.swift */; };
/* End PBXBuildFile section */

/* Begin PBXContainerItemProxy section */
		6495319C1A5DF71400185E02 /* PBXContainerItemProxy */ = {
			isa = PBXContainerItemProxy;
			containerPortal = 649531811A5DF71300185E02 /* Project object */;
			proxyType = 1;
			remoteGlobalIDString = 649531881A5DF71300185E02;
			remoteInfo = "Ruby Launcher";
		};
/* End PBXContainerItemProxy section */

/* Begin PBXFileReference section */
		647B0EE51A5E2E7C00417C79 /* Ruby Launcher.entitlements */ = {isa = PBXFileReference; lastKnownFileType = text.xml; path = "Ruby Launcher.entitlements"; sourceTree = "<group>"; };
		649531891A5DF71300185E02 /* Ruby Launcher.app */ = {isa = PBXFileReference; explicitFileType = wrapper.application; includeInIndex = 0; path = "Ruby Launcher.app"; sourceTree = BUILT_PRODUCTS_DIR; };
		6495318D1A5DF71300185E02 /* Info.plist */ = {isa = PBXFileReference; lastKnownFileType = text.plist.xml; path = Info.plist; sourceTree = "<group>"; };
		6495318E1A5DF71300185E02 /* AppDelegate.swift */ = {isa = PBXFileReference; lastKnownFileType = sourcecode.swift; path = AppDelegate.swift; sourceTree = "<group>"; };
		649531921A5DF71300185E02 /* Images.xcassets */ = {isa = PBXFileReference; lastKnownFileType = folder.assetcatalog; path = Images.xcassets; sourceTree = "<group>"; };
		649531951A5DF71400185E02 /* Base */ = {isa = PBXFileReference; lastKnownFileType = file.storyboard; name = Base; path = Base.lproj/Main.storyboard; sourceTree = "<group>"; };
		6495319B1A5DF71400185E02 /* Ruby LauncherTests.xctest */ = {isa = PBXFileReference; explicitFileType = wrapper.cfbundle; includeInIndex = 0; path = "Ruby LauncherTests.xctest"; sourceTree = BUILT_PRODUCTS_DIR; };
		649531A01A5DF71400185E02 /* Info.plist */ = {isa = PBXFileReference; lastKnownFileType = text.plist.xml; path = Info.plist; sourceTree = "<group>"; };
		649531A11A5DF71500185E02 /* Ruby_LauncherTests.swift */ = {isa = PBXFileReference; lastKnownFileType = sourcecode.swift; path = Ruby_LauncherTests.swift; sourceTree = "<group>"; };
/* End PBXFileReference section */

/* Begin PBXFrameworksBuildPhase section */
		649531861A5DF71300185E02 /* Frameworks */ = {
			isa = PBXFrameworksBuildPhase;
			buildActionMask = 2147483647;
			files = (
			);
			runOnlyForDeploymentPostprocessing = 0;
		};
		649531981A5DF71400185E02 /* Frameworks */ = {
			isa = PBXFrameworksBuildPhase;
			buildActionMask = 2147483647;
			files = (
			);
			runOnlyForDeploymentPostprocessing = 0;
		};
/* End PBXFrameworksBuildPhase section */

/* Begin PBXGroup section */
		649531801A5DF71300185E02 = {
			isa = PBXGroup;
			children = (
				6495318B1A5DF71300185E02 /* Ruby Launcher */,
				6495319E1A5DF71400185E02 /* Ruby LauncherTests */,
				6495318A1A5DF71300185E02 /* Products */,
			);
			sourceTree = "<group>";
		};
		6495318A1A5DF71300185E02 /* Products */ = {
			isa = PBXGroup;
			children = (
				649531891A5DF71300185E02 /* Ruby Launcher.app */,
				6495319B1A5DF71400185E02 /* Ruby LauncherTests.xctest */,
			);
			name = Products;
			sourceTree = "<group>";
		};
		6495318B1A5DF71300185E02 /* Ruby Launcher */ = {
			isa = PBXGroup;
			children = (
				647B0EE51A5E2E7C00417C79 /* Ruby Launcher.entitlements */,
				6495318E1A5DF71300185E02 /* AppDelegate.swift */,
				649531921A5DF71300185E02 /* Images.xcassets */,
				649531941A5DF71400185E02 /* Main.storyboard */,
				6495318C1A5DF71300185E02 /* Supporting Files */,
			);
			path = "Ruby Launcher";
			sourceTree = "<group>";
		};
		6495318C1A5DF71300185E02 /* Supporting Files */ = {
			isa = PBXGroup;
			children = (
				6495318D1A5DF71300185E02 /* Info.plist */,
			);
			name = "Supporting Files";
			sourceTree = "<group>";
		};
		6495319E1A5DF71400185E02 /* Ruby LauncherTests */ = {
			isa = PBXGroup;
			children = (
				649531A11A5DF71500185E02 /* Ruby_LauncherTests.swift */,
				6495319F1A5DF71400185E02 /* Supporting Files */,
			);
			path = "Ruby LauncherTests";
			sourceTree = "<group>";
		};
		6495319F1A5DF71400185E02 /* Supporting Files */ = {
			isa = PBXGroup;
			children = (
				649531A01A5DF71400185E02 /* Info.plist */,
			);
			name = "Supporting Files";
			sourceTree = "<group>";
		};
/* End PBXGroup section */

/* Begin PBXNativeTarget section */
		649531881A5DF71300185E02 /* Ruby Launcher */ = {
			isa = PBXNativeTarget;
			buildConfigurationList = 649531A51A5DF71500185E02 /* Build configuration list for PBXNativeTarget "Ruby Launcher" */;
			buildPhases = (
				649531851A5DF71300185E02 /* Sources */,
				649531861A5DF71300185E02 /* Frameworks */,
				649531871A5DF71300185E02 /* Resources */,
			);
			buildRules = (
			);
			dependencies = (
			);
			name = "Ruby Launcher";
			productName = "Ruby Launcher";
			productReference = 649531891A5DF71300185E02 /* Ruby Launcher.app */;
			productType = "com.apple.product-type.application";
		};
		6495319A1A5DF71400185E02 /* Ruby LauncherTests */ = {
			isa = PBXNativeTarget;
			buildConfigurationList = 649531A81A5DF71500185E02 /* Build configuration list for PBXNativeTarget "Ruby LauncherTests" */;
			buildPhases = (
				649531971A5DF71400185E02 /* Sources */,
				649531981A5DF71400185E02 /* Frameworks */,
				649531991A5DF71400185E02 /* Resources */,
			);
			buildRules = (
			);
			dependencies = (
				6495319D1A5DF71400185E02 /* PBXTargetDependency */,
			);
			name = "Ruby LauncherTests";
			productName = "Ruby LauncherTests";
			productReference = 6495319B1A5DF71400185E02 /* Ruby LauncherTests.xctest */;
			productType = "com.apple.product-type.bundle.unit-test";
		};
/* End PBXNativeTarget section */

/* Begin PBXProject section */
		649531811A5DF71300185E02 /* Project object */ = {
			isa = PBXProject;
			attributes = {
				LastUpgradeCheck = 0610;
				ORGANIZATIONNAME = "Allen Garvey";
				TargetAttributes = {
					649531881A5DF71300185E02 = {
						CreatedOnToolsVersion = 6.1.1;
						SystemCapabilities = {
							com.apple.Sandbox = {
								enabled = 0;
							};
						};
					};
					6495319A1A5DF71400185E02 = {
						CreatedOnToolsVersion = 6.1.1;
						TestTargetID = 649531881A5DF71300185E02;
					};
				};
			};
			buildConfigurationList = 649531841A5DF71300185E02 /* Build configuration list for PBXProject "Ruby Launcher" */;
			compatibilityVersion = "Xcode 3.2";
			developmentRegion = English;
			hasScannedForEncodings = 0;
			knownRegions = (
				en,
				Base,
			);
			mainGroup = 649531801A5DF71300185E02;
			productRefGroup = 6495318A1A5DF71300185E02 /* Products */;
			projectDirPath = "";
			projectRoot = "";
			targets = (
				649531881A5DF71300185E02 /* Ruby Launcher */,
				6495319A1A5DF71400185E02 /* Ruby LauncherTests */,
			);
		};
/* End PBXProject section */

/* Begin PBXResourcesBuildPhase section */
		649531871A5DF71300185E02 /* Resources */ = {
			isa = PBXResourcesBuildPhase;
			buildActionMask = 2147483647;
			files = (
				649531931A5DF71300185E02 /* Images.xcassets in Resources */,
				649531961A5DF71400185E02 /* Main.storyboard in Resources */,
			);
			runOnlyForDeploymentPostprocessing = 0;
		};
		649531991A5DF71400185E02 /* Resources */ = {
			isa = PBXResourcesBuildPhase;
			buildActionMask = 2147483647;
			files = (
			);
			runOnlyForDeploymentPostprocessing = 0;
		};
/* End PBXResourcesBuildPhase section */

/* Begin PBXSourcesBuildPhase section */
		649531851A5DF71300185E02 /* Sources */ = {
			isa = PBXSourcesBuildPhase;
			buildActionMask = 2147483647;
			files = (
				6495318F1A5DF71300185E02 /* AppDelegate.swift in Sources */,
			);
			runOnlyForDeploymentPostprocessing = 0;
		};
		649531971A5DF71400185E02 /* Sources */ = {
			isa = PBXSourcesBuildPhase;
			buildActionMask = 2147483647;
			files = (
				649531A21A5DF71500185E02 /* Ruby_LauncherTests.swift in Sources */,
			);
			runOnlyForDeploymentPostprocessing = 0;
		};
/* End PBXSourcesBuildPhase section */

/* Begin PBXTargetDependency section */
		6495319D1A5DF71400185E02 /* PBXTargetDependency */ = {
			isa = PBXTargetDependency;
			target = 649531881A5DF71300185E02 /* Ruby Launcher */;
			targetProxy = 6495319C1A5DF71400185E02 /* PBXContainerItemProxy */;
		};
/* End PBXTargetDependency section */

/* Begin PBXVariantGroup section */
		649531941A5DF71400185E02 /* Main.storyboard */ = {
			isa = PBXVariantGroup;
			children = (
				649531951A5DF71400185E02 /* Base */,
			);
			name = Main.storyboard;
			sourceTree = "<group>";
		};
/* End PBXVariantGroup section */

/* Begin XCBuildConfiguration section */
		649531A31A5DF71500185E02 /* Debug */ = {
			isa = XCBuildConfiguration;
			buildSettings = {
				ALWAYS_SEARCH_USER_PATHS = NO;
				CLANG_CXX_LANGUAGE_STANDARD = "gnu++0x";
				CLANG_CXX_LIBRARY = "libc++";
				CLANG_ENABLE_MODULES = YES;
				CLANG_ENABLE_OBJC_ARC = YES;
				CLANG_WARN_BOOL_CONVERSION = YES;
				CLANG_WARN_CONSTANT_CONVERSION = YES;
				CLANG_WARN_DIRECT_OBJC_ISA_USAGE = YES_ERROR;
				CLANG_WARN_EMPTY_BODY = YES;
				CLANG_WARN_ENUM_CONVERSION = YES;
				CLANG_WARN_INT_CONVERSION = YES;
				CLANG_WARN_OBJC_ROOT_CLASS = YES_ERROR;
				CLANG_WARN_UNREACHABLE_CODE = YES;
				CLANG_WARN__DUPLICATE_METHOD_MATCH = YES;
				CODE_SIGN_IDENTITY = "-";
				COPY_PHASE_STRIP = NO;
				ENABLE_STRICT_OBJC_MSGSEND = YES;
				GCC_C_LANGUAGE_STANDARD = gnu99;
				GCC_DYNAMIC_NO_PIC = NO;
				GCC_OPTIMIZATION_LEVEL = 0;
				GCC_PREPROCESSOR_DEFINITIONS = (
					"DEBUG=1",
					"$(inherited)",
				);
				GCC_SYMBOLS_PRIVATE_EXTERN = NO;
				GCC_WARN_64_TO_32_BIT_CONVERSION = YES;
				GCC_WARN_ABOUT_RETURN_TYPE = YES_ERROR;
				GCC_WARN_UNDECLARED_SELECTOR = YES;
				GCC_WARN_UNINITIALIZED_AUTOS = YES_AGGRESSIVE;
				GCC_WARN_UNUSED_FUNCTION = YES;
				GCC_WARN_UNUSED_VARIABLE = YES;
				MACOSX_DEPLOYMENT_TARGET = 10.10;
				MTL_ENABLE_DEBUG_INFO = YES;
				ONLY_ACTIVE_ARCH = YES;
				SDKROOT = macosx;
				SWIFT_OPTIMIZATION_LEVEL = "-Onone";
			};
			name = Debug;
		};
		649531A41A5DF71500185E02 /* Release */ = {
			isa = XCBuildConfiguration;
			buildSettings = {
				ALWAYS_SEARCH_USER_PATHS = NO;
				CLANG_CXX_LANGUAGE_STANDARD = "gnu++0x";
				CLANG_CXX_LIBRARY = "libc++";
				CLANG_ENABLE_MODULES = YES;
				CLANG_ENABLE_OBJC_ARC = YES;
				CLANG_WARN_BOOL_CONVERSION = YES;
				CLANG_WARN_CONSTANT_CONVERSION = YES;
				CLANG_WARN_DIRECT_OBJC_ISA_USAGE = YES_ERROR;
				CLANG_WARN_EMPTY_BODY = YES;
				CLANG_WARN_ENUM_CONVERSION = YES;
				CLANG_WARN_INT_CONVERSION = YES;
				CLANG_WARN_OBJC_ROOT_CLASS = YES_ERROR;
				CLANG_WARN_UNREACHABLE_CODE = YES;
				CLANG_WARN__DUPLICATE_METHOD_MATCH = YES;
				CODE_SIGN_IDENTITY = "-";
				COPY_PHASE_STRIP = YES;
				DEBUG_INFORMATION_FORMAT = "dwarf-with-dsym";
				ENABLE_NS_ASSERTIONS = NO;
				ENABLE_STRICT_OBJC_MSGSEND = YES;
				GCC_C_LANGUAGE_STANDARD = gnu99;
				GCC_WARN_64_TO_32_BIT_CONVERSION = YES;
				GCC_WARN_ABOUT_RETURN_TYPE = YES_ERROR;
				GCC_WARN_UNDECLARED_SELECTOR = YES;
				GCC_WARN_UNINITIALIZED_AUTOS = YES_AGGRESSIVE;
				GCC_WARN_UNUSED_FUNCTION = YES;
				GCC_WARN_UNUSED_VARIABLE = YES;
				MACOSX_DEPLOYMENT_TARGET = 10.10;
				MTL_ENABLE_DEBUG_INFO = NO;
				SDKROOT = macosx;
			};
			name = Release;
		};
		649531A61A5DF71500185E02 /* Debug */ = {
			isa = XCBuildConfiguration;
			buildSettings = {
				ASSETCATALOG_COMPILER_APPICON_NAME = AppIcon;
				COMBINE_HIDPI_IMAGES = YES;
				INFOPLIST_FILE = "Ruby Launcher/Info.plist";
				LD_RUNPATH_SEARCH_PATHS = "$(inherited) @executable_path/../Frameworks";
				PRODUCT_NAME = "$(TARGET_NAME)";
			};
			name = Debug;
		};
		649531A71A5DF71500185E02 /* Release */ = {
			isa = XCBuildConfiguration;
			buildSettings = {
				ASSETCATALOG_COMPILER_APPICON_NAME = AppIcon;
				COMBINE_HIDPI_IMAGES = YES;
				INFOPLIST_FILE = "Ruby Launcher/Info.plist";
				LD_RUNPATH_SEARCH_PATHS = "$(inherited) @executable_path/../Frameworks";
				PRODUCT_NAME = "$(TARGET_NAME)";
			};
			name = Release;
		};
		649531A91A5DF71500185E02 /* Debug */ = {
			isa = XCBuildConfiguration;
			buildSettings = {
				BUNDLE_LOADER = "$(TEST_HOST)";
				COMBINE_HIDPI_IMAGES = YES;
				FRAMEWORK_SEARCH_PATHS = (
					"$(DEVELOPER_FRAMEWORKS_DIR)",
					"$(inherited)",
				);
				GCC_PREPROCESSOR_DEFINITIONS = (
					"DEBUG=1",
					"$(inherited)",
				);
				INFOPLIST_FILE = "Ruby LauncherTests/Info.plist";
				LD_RUNPATH_SEARCH_PATHS = "$(inherited) @executable_path/../Frameworks @loader_path/../Frameworks";
				PRODUCT_NAME = "$(TARGET_NAME)";
				TEST_HOST = "$(BUILT_PRODUCTS_DIR)/Ruby Launcher.app/Contents/MacOS/Ruby Launcher";
			};
			name = Debug;
		};
		649531AA1A5DF71500185E02 /* Release */ = {
			isa = XCBuildConfiguration;
			buildSettings = {
				BUNDLE_LOADER = "$(TEST_HOST)";
				COMBINE_HIDPI_IMAGES = YES;
				FRAMEWORK_SEARCH_PATHS = (
					"$(DEVELOPER_FRAMEWORKS_DIR)",
					"$(inherited)",
				);
				INFOPLIST_FILE = "Ruby LauncherTests/Info.plist";
				LD_RUNPATH_SEARCH_PATHS = "$(inherited) @executable_path/../Frameworks @loader_path/../Frameworks";
				PRODUCT_NAME = "$(TARGET_NAME)";
				TEST_HOST = "$(BUILT_PRODUCTS_DIR)/Ruby Launcher.app/Contents/MacOS/Ruby Launcher";
			};
			name = Release;
		};
/* End XCBuildConfiguration section */

/* Begin XCConfigurationList section */
		649531841A5DF71300185E02 /* Build configuration list for PBXProject "Ruby Launcher" */ = {
			isa = XCConfigurationList;
			buildConfigurations = (
				649531A31A5DF71500185E02 /* Debug */,
				649531A41A5DF71500185E02 /* Release */,
			);
			defaultConfigurationIsVisible = 0;
			defaultConfigurationName = Release;
		};
		649531A51A5DF71500185E02 /* Build configuration list for PBXNativeTarget "Ruby Launcher" */ = {
			isa = XCConfigurationList;
			buildConfigurations = (
				649531A61A5DF71500185E02 /* Debug */,
				649531A71A5DF71500185E02 /* Release */,
			);
			defaultConfigurationIsVisible = 0;
			defaultConfigurationName = Release;
		};
		649531A81A5DF71500185E02 /* Build configuration list for PBXNativeTarget "Ruby LauncherTests" */ = {
			isa = XCConfigurationList;
			buildConfigurations = (
				649531A91A5DF71500185E02 /* Debug */,
				649531AA1A5DF71500185E02 /* Release */,
			);
			defaultConfigurationIsVisible = 0;
			defaultConfigurationName = Release;
		};
/* End XCConfigurationList section */
	};
	rootObject = 649531811A5DF71300185E02 /* Project object */;
}
